// !$*UTF8*$!
{
	archiveVersion = 1;
	classes = {
	};
	objectVersion = 77;
	objects = {

/* Begin PBXContainerItemProxy section */
		BEA48B412CE7FA7400374118 /* PBXContainerItemProxy */ = {
			isa = PBXContainerItemProxy;
			containerPortal = BEA48B212CE7FA7200374118 /* Project object */;
			proxyType = 1;
			remoteGlobalIDString = BEA48B282CE7FA7200374118;
			remoteInfo = agendaescolaredai;
		};
		BEA48B4B2CE7FA7400374118 /* PBXContainerItemProxy */ = {
			isa = PBXContainerItemProxy;
			containerPortal = BEA48B212CE7FA7200374118 /* Project object */;
			proxyType = 1;
			remoteGlobalIDString = BEA48B282CE7FA7200374118;
			remoteInfo = agendaescolaredai;
		};
/* End PBXContainerItemProxy section */

/* Begin PBXFileReference section */
		BE63BA4F2CF24115002CD06F /* agendaescolaredai.xctestplan */ = {isa = PBXFileReference; lastKnownFileType = text; path = agendaescolaredai.xctestplan; sourceTree = "<group>"; };
		BEA48B292CE7FA7200374118 /* agendaescolaredai.app */ = {isa = PBXFileReference; explicitFileType = wrapper.application; includeInIndex = 0; path = agendaescolaredai.app; sourceTree = BUILT_PRODUCTS_DIR; };
		BEA48B402CE7FA7400374118 /* agendaescolaredaiTests.xctest */ = {isa = PBXFileReference; explicitFileType = wrapper.cfbundle; includeInIndex = 0; path = agendaescolaredaiTests.xctest; sourceTree = BUILT_PRODUCTS_DIR; };
		BEA48B4A2CE7FA7400374118 /* agendaescolaredaiUITests.xctest */ = {isa = PBXFileReference; explicitFileType = wrapper.cfbundle; includeInIndex = 0; path = agendaescolaredaiUITests.xctest; sourceTree = BUILT_PRODUCTS_DIR; };
/* End PBXFileReference section */

/* Begin PBXFileSystemSynchronizedBuildFileExceptionSet section */
		BEA48B522CE7FA7400374118 /* Exceptions for "agendaescolaredai" folder in "agendaescolaredai" target */ = {
			isa = PBXFileSystemSynchronizedBuildFileExceptionSet;
			membershipExceptions = (
				Info.plist,
			);
			target = BEA48B282CE7FA7200374118 /* agendaescolaredai */;
		};
/* End PBXFileSystemSynchronizedBuildFileExceptionSet section */

/* Begin PBXFileSystemSynchronizedRootGroup section */
		BEA48B2B2CE7FA7200374118 /* agendaescolaredai */ = {
			isa = PBXFileSystemSynchronizedRootGroup;
			exceptions = (
				BEA48B522CE7FA7400374118 /* Exceptions for "agendaescolaredai" folder in "agendaescolaredai" target */,
			);
			path = agendaescolaredai;
			sourceTree = "<group>";
		};
		BEA48B432CE7FA7400374118 /* agendaescolaredaiTests */ = {
			isa = PBXFileSystemSynchronizedRootGroup;
			path = agendaescolaredaiTests;
			sourceTree = "<group>";
		};
		BEA48B4D2CE7FA7400374118 /* agendaescolaredaiUITests */ = {
			isa = PBXFileSystemSynchronizedRootGroup;
			path = agendaescolaredaiUITests;
			sourceTree = "<group>";
		};
/* End PBXFileSystemSynchronizedRootGroup section */

/* Begin PBXFrameworksBuildPhase section */
		BEA48B262CE7FA7200374118 /* Frameworks */ = {
			isa = PBXFrameworksBuildPhase;
			buildActionMask = 2147483647;
			files = (
			);
			runOnlyForDeploymentPostprocessing = 0;
		};
		BEA48B3D2CE7FA7400374118 /* Frameworks */ = {
			isa = PBXFrameworksBuildPhase;
			buildActionMask = 2147483647;
			files = (
			);
			runOnlyForDeploymentPostprocessing = 0;
		};
		BEA48B472CE7FA7400374118 /* Frameworks */ = {
			isa = PBXFrameworksBuildPhase;
			buildActionMask = 2147483647;
			files = (
			);
			runOnlyForDeploymentPostprocessing = 0;
		};
/* End PBXFrameworksBuildPhase section */

/* Begin PBXGroup section */
		BEA48B202CE7FA7200374118 = {
			isa = PBXGroup;
			children = (
				BE63BA4F2CF24115002CD06F /* agendaescolaredai.xctestplan */,
				BEA48B2B2CE7FA7200374118 /* agendaescolaredai */,
				BEA48B432CE7FA7400374118 /* agendaescolaredaiTests */,
				BEA48B4D2CE7FA7400374118 /* agendaescolaredaiUITests */,
				BEA48B2A2CE7FA7200374118 /* Products */,
			);
			sourceTree = "<group>";
		};
		BEA48B2A2CE7FA7200374118 /* Products */ = {
			isa = PBXGroup;
			children = (
				BEA48B292CE7FA7200374118 /* agendaescolaredai.app */,
				BEA48B402CE7FA7400374118 /* agendaescolaredaiTests.xctest */,
				BEA48B4A2CE7FA7400374118 /* agendaescolaredaiUITests.xctest */,
			);
			name = Products;
			sourceTree = "<group>";
		};
/* End PBXGroup section */

/* Begin PBXNativeTarget section */
		BEA48B282CE7FA7200374118 /* agendaescolaredai */ = {
			isa = PBXNativeTarget;
			buildConfigurationList = BEA48B532CE7FA7400374118 /* Build configuration list for PBXNativeTarget "agendaescolaredai" */;
			buildPhases = (
				BEA48B252CE7FA7200374118 /* Sources */,
				BEA48B262CE7FA7200374118 /* Frameworks */,
				BEA48B272CE7FA7200374118 /* Resources */,
			);
			buildRules = (
			);
			dependencies = (
			);
			fileSystemSynchronizedGroups = (
				BEA48B2B2CE7FA7200374118 /* agendaescolaredai */,
			);
			name = agendaescolaredai;
			packageProductDependencies = (
			);
			productName = agendaescolaredai;
			productReference = BEA48B292CE7FA7200374118 /* agendaescolaredai.app */;
			productType = "com.apple.product-type.application";
		};
		BEA48B3F2CE7FA7400374118 /* agendaescolaredaiTests */ = {
			isa = PBXNativeTarget;
			buildConfigurationList = BEA48B582CE7FA7400374118 /* Build configuration list for PBXNativeTarget "agendaescolaredaiTests" */;
			buildPhases = (
				BEA48B3C2CE7FA7400374118 /* Sources */,
				BEA48B3D2CE7FA7400374118 /* Frameworks */,
				BEA48B3E2CE7FA7400374118 /* Resources */,
			);
			buildRules = (
			);
			dependencies = (
				BEA48B422CE7FA7400374118 /* PBXTargetDependency */,
			);
			fileSystemSynchronizedGroups = (
				BEA48B432CE7FA7400374118 /* agendaescolaredaiTests */,
			);
			name = agendaescolaredaiTests;
			packageProductDependencies = (
			);
			productName = agendaescolaredaiTests;
			productReference = BEA48B402CE7FA7400374118 /* agendaescolaredaiTests.xctest */;
			productType = "com.apple.product-type.bundle.unit-test";
		};
		BEA48B492CE7FA7400374118 /* agendaescolaredaiUITests */ = {
			isa = PBXNativeTarget;
			buildConfigurationList = BEA48B5B2CE7FA7400374118 /* Build configuration list for PBXNativeTarget "agendaescolaredaiUITests" */;
			buildPhases = (
				BEA48B462CE7FA7400374118 /* Sources */,
				BEA48B472CE7FA7400374118 /* Frameworks */,
				BEA48B482CE7FA7400374118 /* Resources */,
			);
			buildRules = (
			);
			dependencies = (
				BEA48B4C2CE7FA7400374118 /* PBXTargetDependency */,
			);
			fileSystemSynchronizedGroups = (
				BEA48B4D2CE7FA7400374118 /* agendaescolaredaiUITests */,
			);
			name = agendaescolaredaiUITests;
			packageProductDependencies = (
			);
			productName = agendaescolaredaiUITests;
			productReference = BEA48B4A2CE7FA7400374118 /* agendaescolaredaiUITests.xctest */;
			productType = "com.apple.product-type.bundle.ui-testing";
		};
/* End PBXNativeTarget section */

/* Begin PBXProject section */
		BEA48B212CE7FA7200374118 /* Project object */ = {
			isa = PBXProject;
			attributes = {
				BuildIndependentTargetsInParallel = 1;
				LastSwiftUpdateCheck = 1610;
				LastUpgradeCheck = 1610;
				TargetAttributes = {
					BEA48B282CE7FA7200374118 = {
						CreatedOnToolsVersion = 16.1;
					};
					BEA48B3F2CE7FA7400374118 = {
						CreatedOnToolsVersion = 16.1;
						TestTargetID = BEA48B282CE7FA7200374118;
					};
					BEA48B492CE7FA7400374118 = {
						CreatedOnToolsVersion = 16.1;
						LastSwiftMigration = 1610;
						TestTargetID = BEA48B282CE7FA7200374118;
					};
				};
			};
			buildConfigurationList = BEA48B242CE7FA7200374118 /* Build configuration list for PBXProject "agendaescolaredai" */;
			developmentRegion = es;
			hasScannedForEncodings = 0;
			knownRegions = (
				en,
				Base,
				es,
			);
			mainGroup = BEA48B202CE7FA7200374118;
			minimizedProjectReferenceProxies = 1;
			preferredProjectObjectVersion = 77;
			productRefGroup = BEA48B2A2CE7FA7200374118 /* Products */;
			projectDirPath = "";
			projectRoot = "";
			targets = (
				BEA48B282CE7FA7200374118 /* agendaescolaredai */,
				BEA48B3F2CE7FA7400374118 /* agendaescolaredaiTests */,
				BEA48B492CE7FA7400374118 /* agendaescolaredaiUITests */,
			);
		};
/* End PBXProject section */

/* Begin PBXResourcesBuildPhase section */
		BEA48B272CE7FA7200374118 /* Resources */ = {
			isa = PBXResourcesBuildPhase;
			buildActionMask = 2147483647;
			files = (
			);
			runOnlyForDeploymentPostprocessing = 0;
		};
		BEA48B3E2CE7FA7400374118 /* Resources */ = {
			isa = PBXResourcesBuildPhase;
			buildActionMask = 2147483647;
			files = (
			);
			runOnlyForDeploymentPostprocessing = 0;
		};
		BEA48B482CE7FA7400374118 /* Resources */ = {
			isa = PBXResourcesBuildPhase;
			buildActionMask = 2147483647;
			files = (
			);
			runOnlyForDeploymentPostprocessing = 0;
		};
/* End PBXResourcesBuildPhase section */

/* Begin PBXSourcesBuildPhase section */
		BEA48B252CE7FA7200374118 /* Sources */ = {
			isa = PBXSourcesBuildPhase;
			buildActionMask = 2147483647;
			files = (
			);
			runOnlyForDeploymentPostprocessing = 0;
		};
		BEA48B3C2CE7FA7400374118 /* Sources */ = {
			isa = PBXSourcesBuildPhase;
			buildActionMask = 2147483647;
			files = (
			);
			runOnlyForDeploymentPostprocessing = 0;
		};
		BEA48B462CE7FA7400374118 /* Sources */ = {
			isa = PBXSourcesBuildPhase;
			buildActionMask = 2147483647;
			files = (
			);
			runOnlyForDeploymentPostprocessing = 0;
		};
/* End PBXSourcesBuildPhase section */

/* Begin PBXTargetDependency section */
		BEA48B422CE7FA7400374118 /* PBXTargetDependency */ = {
			isa = PBXTargetDependency;
			target = BEA48B282CE7FA7200374118 /* agendaescolaredai */;
			targetProxy = BEA48B412CE7FA7400374118 /* PBXContainerItemProxy */;
		};
		BEA48B4C2CE7FA7400374118 /* PBXTargetDependency */ = {
			isa = PBXTargetDependency;
			target = BEA48B282CE7FA7200374118 /* agendaescolaredai */;
			targetProxy = BEA48B4B2CE7FA7400374118 /* PBXContainerItemProxy */;
		};
/* End PBXTargetDependency section */

/* Begin XCBuildConfiguration section */
		BEA48B542CE7FA7400374118 /* Debug */ = {
			isa = XCBuildConfiguration;
			buildSettings = {
				ASSETCATALOG_COMPILER_APPICON_NAME = AppIcon;
				ASSETCATALOG_COMPILER_GLOBAL_ACCENT_COLOR_NAME = AccentColor;
				ASSETCATALOG_COMPILER_INCLUDE_ALL_APPICON_ASSETS = YES;
				CODE_SIGN_ENTITLEMENTS = agendaescolaredai/agendaescolaredai.entitlements;
				CODE_SIGN_IDENTITY = "Apple Development";
				CODE_SIGN_STYLE = Automatic;
				CURRENT_PROJECT_VERSION = 1;
				DEVELOPMENT_ASSET_PATHS = "\"agendaescolaredai/Preview Content\"";
				DEVELOPMENT_TEAM = DD5A845R2L;
				ENABLE_PREVIEWS = YES;
				GENERATE_INFOPLIST_FILE = YES;
				INFOPLIST_FILE = agendaescolaredai/Info.plist;
				INFOPLIST_KEY_CFBundleDisplayName = "EDAI - Agenda Escolar";
				INFOPLIST_KEY_LSApplicationCategoryType = "public.app-category.education";
				INFOPLIST_KEY_NSAppleMusicUsageDescription = "";
				INFOPLIST_KEY_NSPhotoLibraryAddUsageDescription = "";
				INFOPLIST_KEY_UIApplicationSceneManifest_Generation = YES;
				INFOPLIST_KEY_UIApplicationSupportsIndirectInputEvents = YES;
				INFOPLIST_KEY_UILaunchScreen_Generation = YES;
				INFOPLIST_KEY_UIStatusBarHidden = YES;
				INFOPLIST_KEY_UISupportedInterfaceOrientations_iPad = "UIInterfaceOrientationPortrait UIInterfaceOrientationPortraitUpsideDown UIInterfaceOrientationLandscapeLeft UIInterfaceOrientationLandscapeRight";
				INFOPLIST_KEY_UISupportedInterfaceOrientations_iPhone = "UIInterfaceOrientationPortrait UIInterfaceOrientationLandscapeLeft UIInterfaceOrientationLandscapeRight";
				LD_RUNPATH_SEARCH_PATHS = (
					"$(inherited)",
					"@executable_path/Frameworks",
				);
				MARKETING_VERSION = 1.0;
				PRODUCT_BUNDLE_IDENTIFIER = com.uoc.agendaescolaredai;
				PRODUCT_NAME = "$(TARGET_NAME)";
				PROVISIONING_PROFILE_SPECIFIER = "";
				SWIFT_EMIT_LOC_STRINGS = YES;
				SWIFT_VERSION = 6.0;
				TARGETED_DEVICE_FAMILY = "1,2";
			};
			name = Debug;
		};
		BEA48B552CE7FA7400374118 /* Release */ = {
			isa = XCBuildConfiguration;
			buildSettings = {
				ASSETCATALOG_COMPILER_APPICON_NAME = AppIcon;
				ASSETCATALOG_COMPILER_GLOBAL_ACCENT_COLOR_NAME = AccentColor;
				ASSETCATALOG_COMPILER_INCLUDE_ALL_APPICON_ASSETS = YES;
				CODE_SIGN_ENTITLEMENTS = agendaescolaredai/agendaescolaredai.entitlements;
				CODE_SIGN_IDENTITY = "Apple Development";
				CODE_SIGN_STYLE = Automatic;
				CURRENT_PROJECT_VERSION = 1;
				DEVELOPMENT_ASSET_PATHS = "\"agendaescolaredai/Preview Content\"";
				DEVELOPMENT_TEAM = DD5A845R2L;
				ENABLE_PREVIEWS = YES;
				GENERATE_INFOPLIST_FILE = YES;
				INFOPLIST_FILE = agendaescolaredai/Info.plist;
				INFOPLIST_KEY_CFBundleDisplayName = "EDAI - Agenda Escolar";
				INFOPLIST_KEY_LSApplicationCategoryType = "public.app-category.education";
				INFOPLIST_KEY_NSAppleMusicUsageDescription = "";
				INFOPLIST_KEY_NSPhotoLibraryAddUsageDescription = "";
				INFOPLIST_KEY_UIApplicationSceneManifest_Generation = YES;
				INFOPLIST_KEY_UIApplicationSupportsIndirectInputEvents = YES;
				INFOPLIST_KEY_UILaunchScreen_Generation = YES;
				INFOPLIST_KEY_UIStatusBarHidden = YES;
				INFOPLIST_KEY_UISupportedInterfaceOrientations_iPad = "UIInterfaceOrientationPortrait UIInterfaceOrientationPortraitUpsideDown UIInterfaceOrientationLandscapeLeft UIInterfaceOrientationLandscapeRight";
				INFOPLIST_KEY_UISupportedInterfaceOrientations_iPhone = "UIInterfaceOrientationPortrait UIInterfaceOrientationLandscapeLeft UIInterfaceOrientationLandscapeRight";
				LD_RUNPATH_SEARCH_PATHS = (
					"$(inherited)",
					"@executable_path/Frameworks",
				);
				MARKETING_VERSION = 1.0;
				PRODUCT_BUNDLE_IDENTIFIER = com.uoc.agendaescolaredai;
				PRODUCT_NAME = "$(TARGET_NAME)";
				PROVISIONING_PROFILE_SPECIFIER = "";
				SWIFT_EMIT_LOC_STRINGS = YES;
				SWIFT_VERSION = 6.0;
				TARGETED_DEVICE_FAMILY = "1,2";
			};
			name = Release;
		};
		BEA48B562CE7FA7400374118 /* Debug */ = {
			isa = XCBuildConfiguration;
			buildSettings = {
				ALWAYS_SEARCH_USER_PATHS = NO;
				ASSETCATALOG_COMPILER_GENERATE_SWIFT_ASSET_SYMBOL_EXTENSIONS = YES;
				CLANG_ANALYZER_NONNULL = YES;
				CLANG_ANALYZER_NUMBER_OBJECT_CONVERSION = YES_AGGRESSIVE;
				CLANG_CXX_LANGUAGE_STANDARD = "gnu++20";
				CLANG_ENABLE_MODULES = YES;
				CLANG_ENABLE_OBJC_ARC = YES;
				CLANG_ENABLE_OBJC_WEAK = YES;
				CLANG_WARN_BLOCK_CAPTURE_AUTORELEASING = YES;
				CLANG_WARN_BOOL_CONVERSION = YES;
				CLANG_WARN_COMMA = YES;
				CLANG_WARN_CONSTANT_CONVERSION = YES;
				CLANG_WARN_DEPRECATED_OBJC_IMPLEMENTATIONS = YES;
				CLANG_WARN_DIRECT_OBJC_ISA_USAGE = YES_ERROR;
				CLANG_WARN_DOCUMENTATION_COMMENTS = YES;
				CLANG_WARN_EMPTY_BODY = YES;
				CLANG_WARN_ENUM_CONVERSION = YES;
				CLANG_WARN_INFINITE_RECURSION = YES;
				CLANG_WARN_INT_CONVERSION = YES;
				CLANG_WARN_NON_LITERAL_NULL_CONVERSION = YES;
				CLANG_WARN_OBJC_IMPLICIT_RETAIN_SELF = YES;
				CLANG_WARN_OBJC_LITERAL_CONVERSION = YES;
				CLANG_WARN_OBJC_ROOT_CLASS = YES_ERROR;
				CLANG_WARN_QUOTED_INCLUDE_IN_FRAMEWORK_HEADER = YES;
				CLANG_WARN_RANGE_LOOP_ANALYSIS = YES;
				CLANG_WARN_STRICT_PROTOTYPES = YES;
				CLANG_WARN_SUSPICIOUS_MOVE = YES;
				CLANG_WARN_UNGUARDED_AVAILABILITY = YES_AGGRESSIVE;
				CLANG_WARN_UNREACHABLE_CODE = YES;
				CLANG_WARN__DUPLICATE_METHOD_MATCH = YES;
				COPY_PHASE_STRIP = NO;
				DEBUG_INFORMATION_FORMAT = dwarf;
				ENABLE_STRICT_OBJC_MSGSEND = YES;
				ENABLE_TESTABILITY = YES;
				ENABLE_USER_SCRIPT_SANDBOXING = YES;
				GCC_C_LANGUAGE_STANDARD = gnu17;
				GCC_DYNAMIC_NO_PIC = NO;
				GCC_NO_COMMON_BLOCKS = YES;
				GCC_OPTIMIZATION_LEVEL = 0;
				GCC_PREPROCESSOR_DEFINITIONS = (
					"DEBUG=1",
					"$(inherited)",
				);
				GCC_WARN_64_TO_32_BIT_CONVERSION = YES;
				GCC_WARN_ABOUT_RETURN_TYPE = YES_ERROR;
				GCC_WARN_UNDECLARED_SELECTOR = YES;
				GCC_WARN_UNINITIALIZED_AUTOS = YES_AGGRESSIVE;
				GCC_WARN_UNUSED_FUNCTION = YES;
				GCC_WARN_UNUSED_VARIABLE = YES;
				IPHONEOS_DEPLOYMENT_TARGET = 18.1;
				LOCALIZATION_PREFERS_STRING_CATALOGS = YES;
				MTL_ENABLE_DEBUG_INFO = INCLUDE_SOURCE;
				MTL_FAST_MATH = YES;
				ONLY_ACTIVE_ARCH = YES;
				SDKROOT = iphoneos;
				SWIFT_ACTIVE_COMPILATION_CONDITIONS = "DEBUG $(inherited)";
				SWIFT_OPTIMIZATION_LEVEL = "-Onone";
			};
			name = Debug;
		};
		BEA48B572CE7FA7400374118 /* Release */ = {
			isa = XCBuildConfiguration;
			buildSettings = {
				ALWAYS_SEARCH_USER_PATHS = NO;
				ASSETCATALOG_COMPILER_GENERATE_SWIFT_ASSET_SYMBOL_EXTENSIONS = YES;
				CLANG_ANALYZER_NONNULL = YES;
				CLANG_ANALYZER_NUMBER_OBJECT_CONVERSION = YES_AGGRESSIVE;
				CLANG_CXX_LANGUAGE_STANDARD = "gnu++20";
				CLANG_ENABLE_MODULES = YES;
				CLANG_ENABLE_OBJC_ARC = YES;
				CLANG_ENABLE_OBJC_WEAK = YES;
				CLANG_WARN_BLOCK_CAPTURE_AUTORELEASING = YES;
				CLANG_WARN_BOOL_CONVERSION = YES;
				CLANG_WARN_COMMA = YES;
				CLANG_WARN_CONSTANT_CONVERSION = YES;
				CLANG_WARN_DEPRECATED_OBJC_IMPLEMENTATIONS = YES;
				CLANG_WARN_DIRECT_OBJC_ISA_USAGE = YES_ERROR;
				CLANG_WARN_DOCUMENTATION_COMMENTS = YES;
				CLANG_WARN_EMPTY_BODY = YES;
				CLANG_WARN_ENUM_CONVERSION = YES;
				CLANG_WARN_INFINITE_RECURSION = YES;
				CLANG_WARN_INT_CONVERSION = YES;
				CLANG_WARN_NON_LITERAL_NULL_CONVERSION = YES;
				CLANG_WARN_OBJC_IMPLICIT_RETAIN_SELF = YES;
				CLANG_WARN_OBJC_LITERAL_CONVERSION = YES;
				CLANG_WARN_OBJC_ROOT_CLASS = YES_ERROR;
				CLANG_WARN_QUOTED_INCLUDE_IN_FRAMEWORK_HEADER = YES;
				CLANG_WARN_RANGE_LOOP_ANALYSIS = YES;
				CLANG_WARN_STRICT_PROTOTYPES = YES;
				CLANG_WARN_SUSPICIOUS_MOVE = YES;
				CLANG_WARN_UNGUARDED_AVAILABILITY = YES_AGGRESSIVE;
				CLANG_WARN_UNREACHABLE_CODE = YES;
				CLANG_WARN__DUPLICATE_METHOD_MATCH = YES;
				COPY_PHASE_STRIP = NO;
				DEBUG_INFORMATION_FORMAT = "dwarf-with-dsym";
				ENABLE_NS_ASSERTIONS = NO;
				ENABLE_STRICT_OBJC_MSGSEND = YES;
				ENABLE_USER_SCRIPT_SANDBOXING = YES;
				GCC_C_LANGUAGE_STANDARD = gnu17;
				GCC_NO_COMMON_BLOCKS = YES;
				GCC_WARN_64_TO_32_BIT_CONVERSION = YES;
				GCC_WARN_ABOUT_RETURN_TYPE = YES_ERROR;
				GCC_WARN_UNDECLARED_SELECTOR = YES;
				GCC_WARN_UNINITIALIZED_AUTOS = YES_AGGRESSIVE;
				GCC_WARN_UNUSED_FUNCTION = YES;
				GCC_WARN_UNUSED_VARIABLE = YES;
				IPHONEOS_DEPLOYMENT_TARGET = 18.1;
				LOCALIZATION_PREFERS_STRING_CATALOGS = YES;
				MTL_ENABLE_DEBUG_INFO = NO;
				MTL_FAST_MATH = YES;
				SDKROOT = iphoneos;
				SWIFT_COMPILATION_MODE = wholemodule;
				VALIDATE_PRODUCT = YES;
			};
			name = Release;
		};
		BEA48B592CE7FA7400374118 /* Debug */ = {
			isa = XCBuildConfiguration;
			buildSettings = {
				BUNDLE_LOADER = "$(TEST_HOST)";
				CODE_SIGN_STYLE = Automatic;
				CURRENT_PROJECT_VERSION = 1;
				DEVELOPMENT_TEAM = DD5A845R2L;
				GENERATE_INFOPLIST_FILE = YES;
				IPHONEOS_DEPLOYMENT_TARGET = 18.1;
				MARKETING_VERSION = 1.0;
				PRODUCT_BUNDLE_IDENTIFIER = com.uoc.agendaescolaredaiTests;
				PRODUCT_NAME = "$(TARGET_NAME)";
				SWIFT_EMIT_LOC_STRINGS = NO;
				SWIFT_VERSION = 5.0;
				TARGETED_DEVICE_FAMILY = "1,2";
				TEST_HOST = "$(BUILT_PRODUCTS_DIR)/agendaescolaredai.app/$(BUNDLE_EXECUTABLE_FOLDER_PATH)/agendaescolaredai";
			};
			name = Debug;
		};
		BEA48B5A2CE7FA7400374118 /* Release */ = {
			isa = XCBuildConfiguration;
			buildSettings = {
				BUNDLE_LOADER = "$(TEST_HOST)";
				CODE_SIGN_STYLE = Automatic;
				CURRENT_PROJECT_VERSION = 1;
				DEVELOPMENT_TEAM = DD5A845R2L;
				GENERATE_INFOPLIST_FILE = YES;
				IPHONEOS_DEPLOYMENT_TARGET = 18.1;
				MARKETING_VERSION = 1.0;
				PRODUCT_BUNDLE_IDENTIFIER = com.uoc.agendaescolaredaiTests;
				PRODUCT_NAME = "$(TARGET_NAME)";
				SWIFT_EMIT_LOC_STRINGS = NO;
				SWIFT_VERSION = 5.0;
				TARGETED_DEVICE_FAMILY = "1,2";
				TEST_HOST = "$(BUILT_PRODUCTS_DIR)/agendaescolaredai.app/$(BUNDLE_EXECUTABLE_FOLDER_PATH)/agendaescolaredai";
			};
			name = Release;
		};
		BEA48B5C2CE7FA7400374118 /* Debug */ = {
			isa = XCBuildConfiguration;
			buildSettings = {
				CLANG_ENABLE_MODULES = YES;
				"CODE_SIGN_IDENTITY[sdk=macosx*]" = "Apple Development";
				CODE_SIGN_STYLE = Automatic;
				CURRENT_PROJECT_VERSION = 1;
				DEVELOPMENT_TEAM = DD5A845R2L;
				GENERATE_INFOPLIST_FILE = YES;
				MARKETING_VERSION = 1.0;
				PRODUCT_BUNDLE_IDENTIFIER = com.uoc.agendaescolaredaiUITests;
				PRODUCT_NAME = "$(TARGET_NAME)";
				SWIFT_EMIT_LOC_STRINGS = NO;
				SWIFT_OPTIMIZATION_LEVEL = "-Onone";
				SWIFT_VERSION = 5.0;
				TARGETED_DEVICE_FAMILY = "1,2";
				TEST_TARGET_NAME = agendaescolaredai;
			};
			name = Debug;
		};
		BEA48B5D2CE7FA7400374118 /* Release */ = {
			isa = XCBuildConfiguration;
			buildSettings = {
				CLANG_ENABLE_MODULES = YES;
				"CODE_SIGN_IDENTITY[sdk=macosx*]" = "Apple Development";
				CODE_SIGN_STYLE = Automatic;
				CURRENT_PROJECT_VERSION = 1;
				DEVELOPMENT_TEAM = DD5A845R2L;
				GENERATE_INFOPLIST_FILE = YES;
				MARKETING_VERSION = 1.0;
				PRODUCT_BUNDLE_IDENTIFIER = com.uoc.agendaescolaredaiUITests;
				PRODUCT_NAME = "$(TARGET_NAME)";
				SWIFT_EMIT_LOC_STRINGS = NO;
				SWIFT_VERSION = 5.0;
				TARGETED_DEVICE_FAMILY = "1,2";
				TEST_TARGET_NAME = agendaescolaredai;
			};
			name = Release;
		};
/* End XCBuildConfiguration section */

/* Begin XCConfigurationList section */
		BEA48B242CE7FA7200374118 /* Build configuration list for PBXProject "agendaescolaredai" */ = {
			isa = XCConfigurationList;
			buildConfigurations = (
				BEA48B562CE7FA7400374118 /* Debug */,
				BEA48B572CE7FA7400374118 /* Release */,
			);
			defaultConfigurationIsVisible = 0;
			defaultConfigurationName = Release;
		};
		BEA48B532CE7FA7400374118 /* Build configuration list for PBXNativeTarget "agendaescolaredai" */ = {
			isa = XCConfigurationList;
			buildConfigurations = (
				BEA48B542CE7FA7400374118 /* Debug */,
				BEA48B552CE7FA7400374118 /* Release */,
			);
			defaultConfigurationIsVisible = 0;
			defaultConfigurationName = Release;
		};
		BEA48B582CE7FA7400374118 /* Build configuration list for PBXNativeTarget "agendaescolaredaiTests" */ = {
			isa = XCConfigurationList;
			buildConfigurations = (
				BEA48B592CE7FA7400374118 /* Debug */,
				BEA48B5A2CE7FA7400374118 /* Release */,
			);
			defaultConfigurationIsVisible = 0;
			defaultConfigurationName = Release;
		};
		BEA48B5B2CE7FA7400374118 /* Build configuration list for PBXNativeTarget "agendaescolaredaiUITests" */ = {
			isa = XCConfigurationList;
			buildConfigurations = (
				BEA48B5C2CE7FA7400374118 /* Debug */,
				BEA48B5D2CE7FA7400374118 /* Release */,
			);
			defaultConfigurationIsVisible = 0;
			defaultConfigurationName = Release;
		};
/* End XCConfigurationList section */
	};
	rootObject = BEA48B212CE7FA7200374118 /* Project object */;
}
